// !$*UTF8*$!
{
	archiveVersion = 1;
	classes = {
	};
	objectVersion = 50;
	objects = {

/* Begin PBXBuildFile section */
		193C707D24EBC46900A81CD2 /* AppDelegate.swift in Sources */ = {isa = PBXBuildFile; fileRef = 193C707C24EBC46900A81CD2 /* AppDelegate.swift */; };
		193C707F24EBC46900A81CD2 /* ViewController.swift in Sources */ = {isa = PBXBuildFile; fileRef = 193C707E24EBC46900A81CD2 /* ViewController.swift */; };
		193C708224EBC46900A81CD2 /* Main.storyboard in Resources */ = {isa = PBXBuildFile; fileRef = 193C708024EBC46900A81CD2 /* Main.storyboard */; };
		193C708424EBC46B00A81CD2 /* Assets.xcassets in Resources */ = {isa = PBXBuildFile; fileRef = 193C708324EBC46B00A81CD2 /* Assets.xcassets */; };
		193C708724EBC46B00A81CD2 /* LaunchScreen.storyboard in Resources */ = {isa = PBXBuildFile; fileRef = 193C708524EBC46B00A81CD2 /* LaunchScreen.storyboard */; };
		193C709224EBC46B00A81CD2 /* tipTests.swift in Sources */ = {isa = PBXBuildFile; fileRef = 193C709124EBC46B00A81CD2 /* tipTests.swift */; };
		193C709D24EBC46B00A81CD2 /* tipUITests.swift in Sources */ = {isa = PBXBuildFile; fileRef = 193C709C24EBC46B00A81CD2 /* tipUITests.swift */; };
/* End PBXBuildFile section */

/* Begin PBXContainerItemProxy section */
		193C708E24EBC46B00A81CD2 /* PBXContainerItemProxy */ = {
			isa = PBXContainerItemProxy;
			containerPortal = 193C707124EBC46900A81CD2 /* Project object */;
			proxyType = 1;
			remoteGlobalIDString = 193C707824EBC46900A81CD2;
			remoteInfo = tip;
		};
		193C709924EBC46B00A81CD2 /* PBXContainerItemProxy */ = {
			isa = PBXContainerItemProxy;
			containerPortal = 193C707124EBC46900A81CD2 /* Project object */;
			proxyType = 1;
			remoteGlobalIDString = 193C707824EBC46900A81CD2;
			remoteInfo = tip;
		};
/* End PBXContainerItemProxy section */

/* Begin PBXFileReference section */
		193C707924EBC46900A81CD2 /* tip.app */ = {isa = PBXFileReference; explicitFileType = wrapper.application; includeInIndex = 0; path = tip.app; sourceTree = BUILT_PRODUCTS_DIR; };
		193C707C24EBC46900A81CD2 /* AppDelegate.swift */ = {isa = PBXFileReference; lastKnownFileType = sourcecode.swift; path = AppDelegate.swift; sourceTree = "<group>"; };
		193C707E24EBC46900A81CD2 /* ViewController.swift */ = {isa = PBXFileReference; lastKnownFileType = sourcecode.swift; path = ViewController.swift; sourceTree = "<group>"; };
		193C708124EBC46900A81CD2 /* Base */ = {isa = PBXFileReference; lastKnownFileType = file.storyboard; name = Base; path = Base.lproj/Main.storyboard; sourceTree = "<group>"; };
		193C708324EBC46B00A81CD2 /* Assets.xcassets */ = {isa = PBXFileReference; lastKnownFileType = folder.assetcatalog; path = Assets.xcassets; sourceTree = "<group>"; };
		193C708624EBC46B00A81CD2 /* Base */ = {isa = PBXFileReference; lastKnownFileType = file.storyboard; name = Base; path = Base.lproj/LaunchScreen.storyboard; sourceTree = "<group>"; };
		193C708824EBC46B00A81CD2 /* Info.plist */ = {isa = PBXFileReference; lastKnownFileType = text.plist.xml; path = Info.plist; sourceTree = "<group>"; };
		193C708D24EBC46B00A81CD2 /* tipTests.xctest */ = {isa = PBXFileReference; explicitFileType = wrapper.cfbundle; includeInIndex = 0; path = tipTests.xctest; sourceTree = BUILT_PRODUCTS_DIR; };
		193C709124EBC46B00A81CD2 /* tipTests.swift */ = {isa = PBXFileReference; lastKnownFileType = sourcecode.swift; path = tipTests.swift; sourceTree = "<group>"; };
		193C709324EBC46B00A81CD2 /* Info.plist */ = {isa = PBXFileReference; lastKnownFileType = text.plist.xml; path = Info.plist; sourceTree = "<group>"; };
		193C709824EBC46B00A81CD2 /* tipUITests.xctest */ = {isa = PBXFileReference; explicitFileType = wrapper.cfbundle; includeInIndex = 0; path = tipUITests.xctest; sourceTree = BUILT_PRODUCTS_DIR; };
		193C709C24EBC46B00A81CD2 /* tipUITests.swift */ = {isa = PBXFileReference; lastKnownFileType = sourcecode.swift; path = tipUITests.swift; sourceTree = "<group>"; };
		193C709E24EBC46B00A81CD2 /* Info.plist */ = {isa = PBXFileReference; lastKnownFileType = text.plist.xml; path = Info.plist; sourceTree = "<group>"; };
/* End PBXFileReference section */

/* Begin PBXFrameworksBuildPhase section */
		193C707624EBC46900A81CD2 /* Frameworks */ = {
			isa = PBXFrameworksBuildPhase;
			buildActionMask = 2147483647;
			files = (
			);
			runOnlyForDeploymentPostprocessing = 0;
		};
		193C708A24EBC46B00A81CD2 /* Frameworks */ = {
			isa = PBXFrameworksBuildPhase;
			buildActionMask = 2147483647;
			files = (
			);
			runOnlyForDeploymentPostprocessing = 0;
		};
		193C709524EBC46B00A81CD2 /* Frameworks */ = {
			isa = PBXFrameworksBuildPhase;
			buildActionMask = 2147483647;
			files = (
			);
			runOnlyForDeploymentPostprocessing = 0;
		};
/* End PBXFrameworksBuildPhase section */

/* Begin PBXGroup section */
		193C707024EBC46900A81CD2 = {
			isa = PBXGroup;
			children = (
				193C707B24EBC46900A81CD2 /* tip */,
				193C709024EBC46B00A81CD2 /* tipTests */,
				193C709B24EBC46B00A81CD2 /* tipUITests */,
				193C707A24EBC46900A81CD2 /* Products */,
			);
			sourceTree = "<group>";
		};
		193C707A24EBC46900A81CD2 /* Products */ = {
			isa = PBXGroup;
			children = (
				193C707924EBC46900A81CD2 /* tip.app */,
				193C708D24EBC46B00A81CD2 /* tipTests.xctest */,
				193C709824EBC46B00A81CD2 /* tipUITests.xctest */,
			);
			name = Products;
			sourceTree = "<group>";
		};
		193C707B24EBC46900A81CD2 /* tip */ = {
			isa = PBXGroup;
			children = (
				193C707C24EBC46900A81CD2 /* AppDelegate.swift */,
				193C707E24EBC46900A81CD2 /* ViewController.swift */,
				193C708024EBC46900A81CD2 /* Main.storyboard */,
				193C708324EBC46B00A81CD2 /* Assets.xcassets */,
				193C708524EBC46B00A81CD2 /* LaunchScreen.storyboard */,
				193C708824EBC46B00A81CD2 /* Info.plist */,
			);
			path = tip;
			sourceTree = "<group>";
		};
		193C709024EBC46B00A81CD2 /* tipTests */ = {
			isa = PBXGroup;
			children = (
				193C709124EBC46B00A81CD2 /* tipTests.swift */,
				193C709324EBC46B00A81CD2 /* Info.plist */,
			);
			path = tipTests;
			sourceTree = "<group>";
		};
		193C709B24EBC46B00A81CD2 /* tipUITests */ = {
			isa = PBXGroup;
			children = (
				193C709C24EBC46B00A81CD2 /* tipUITests.swift */,
				193C709E24EBC46B00A81CD2 /* Info.plist */,
			);
			path = tipUITests;
			sourceTree = "<group>";
		};
/* End PBXGroup section */

/* Begin PBXNativeTarget section */
		193C707824EBC46900A81CD2 /* tip */ = {
			isa = PBXNativeTarget;
			buildConfigurationList = 193C70A124EBC46B00A81CD2 /* Build configuration list for PBXNativeTarget "tip" */;
			buildPhases = (
				193C707524EBC46900A81CD2 /* Sources */,
				193C707624EBC46900A81CD2 /* Frameworks */,
				193C707724EBC46900A81CD2 /* Resources */,
			);
			buildRules = (
			);
			dependencies = (
			);
			name = tip;
			productName = tip;
			productReference = 193C707924EBC46900A81CD2 /* tip.app */;
			productType = "com.apple.product-type.application";
		};
		193C708C24EBC46B00A81CD2 /* tipTests */ = {
			isa = PBXNativeTarget;
			buildConfigurationList = 193C70A424EBC46B00A81CD2 /* Build configuration list for PBXNativeTarget "tipTests" */;
			buildPhases = (
				193C708924EBC46B00A81CD2 /* Sources */,
				193C708A24EBC46B00A81CD2 /* Frameworks */,
				193C708B24EBC46B00A81CD2 /* Resources */,
			);
			buildRules = (
			);
			dependencies = (
				193C708F24EBC46B00A81CD2 /* PBXTargetDependency */,
			);
			name = tipTests;
			productName = tipTests;
			productReference = 193C708D24EBC46B00A81CD2 /* tipTests.xctest */;
			productType = "com.apple.product-type.bundle.unit-test";
		};
		193C709724EBC46B00A81CD2 /* tipUITests */ = {
			isa = PBXNativeTarget;
			buildConfigurationList = 193C70A724EBC46B00A81CD2 /* Build configuration list for PBXNativeTarget "tipUITests" */;
			buildPhases = (
				193C709424EBC46B00A81CD2 /* Sources */,
				193C709524EBC46B00A81CD2 /* Frameworks */,
				193C709624EBC46B00A81CD2 /* Resources */,
			);
			buildRules = (
			);
			dependencies = (
				193C709A24EBC46B00A81CD2 /* PBXTargetDependency */,
			);
			name = tipUITests;
			productName = tipUITests;
			productReference = 193C709824EBC46B00A81CD2 /* tipUITests.xctest */;
			productType = "com.apple.product-type.bundle.ui-testing";
		};
/* End PBXNativeTarget section */

/* Begin PBXProject section */
		193C707124EBC46900A81CD2 /* Project object */ = {
			isa = PBXProject;
			attributes = {
				LastSwiftUpdateCheck = 1010;
				LastUpgradeCheck = 1010;
				ORGANIZATIONNAME = Codepath;
				TargetAttributes = {
					193C707824EBC46900A81CD2 = {
						CreatedOnToolsVersion = 10.1;
					};
					193C708C24EBC46B00A81CD2 = {
						CreatedOnToolsVersion = 10.1;
						TestTargetID = 193C707824EBC46900A81CD2;
					};
					193C709724EBC46B00A81CD2 = {
						CreatedOnToolsVersion = 10.1;
						TestTargetID = 193C707824EBC46900A81CD2;
					};
				};
			};
			buildConfigurationList = 193C707424EBC46900A81CD2 /* Build configuration list for PBXProject "tip" */;
			compatibilityVersion = "Xcode 9.3";
			developmentRegion = en;
			hasScannedForEncodings = 0;
			knownRegions = (
				en,
				Base,
			);
			mainGroup = 193C707024EBC46900A81CD2;
			productRefGroup = 193C707A24EBC46900A81CD2 /* Products */;
			projectDirPath = "";
			projectRoot = "";
			targets = (
				193C707824EBC46900A81CD2 /* tip */,
				193C708C24EBC46B00A81CD2 /* tipTests */,
				193C709724EBC46B00A81CD2 /* tipUITests */,
			);
		};
/* End PBXProject section */

/* Begin PBXResourcesBuildPhase section */
		193C707724EBC46900A81CD2 /* Resources */ = {
			isa = PBXResourcesBuildPhase;
			buildActionMask = 2147483647;
			files = (
				193C708724EBC46B00A81CD2 /* LaunchScreen.storyboard in Resources */,
				193C708424EBC46B00A81CD2 /* Assets.xcassets in Resources */,
				193C708224EBC46900A81CD2 /* Main.storyboard in Resources */,
			);
			runOnlyForDeploymentPostprocessing = 0;
		};
		193C708B24EBC46B00A81CD2 /* Resources */ = {
			isa = PBXResourcesBuildPhase;
			buildActionMask = 2147483647;
			files = (
			);
			runOnlyForDeploymentPostprocessing = 0;
		};
		193C709624EBC46B00A81CD2 /* Resources */ = {
			isa = PBXResourcesBuildPhase;
			buildActionMask = 2147483647;
			files = (
			);
			runOnlyForDeploymentPostprocessing = 0;
		};
/* End PBXResourcesBuildPhase section */

/* Begin PBXSourcesBuildPhase section */
		193C707524EBC46900A81CD2 /* Sources */ = {
			isa = PBXSourcesBuildPhase;
			buildActionMask = 2147483647;
			files = (
				193C707F24EBC46900A81CD2 /* ViewController.swift in Sources */,
				193C707D24EBC46900A81CD2 /* AppDelegate.swift in Sources */,
			);
			runOnlyForDeploymentPostprocessing = 0;
		};
		193C708924EBC46B00A81CD2 /* Sources */ = {
			isa = PBXSourcesBuildPhase;
			buildActionMask = 2147483647;
			files = (
				193C709224EBC46B00A81CD2 /* tipTests.swift in Sources */,
			);
			runOnlyForDeploymentPostprocessing = 0;
		};
		193C709424EBC46B00A81CD2 /* Sources */ = {
			isa = PBXSourcesBuildPhase;
			buildActionMask = 2147483647;
			files = (
				193C709D24EBC46B00A81CD2 /* tipUITests.swift in Sources */,
			);
			runOnlyForDeploymentPostprocessing = 0;
		};
/* End PBXSourcesBuildPhase section */

/* Begin PBXTargetDependency section */
		193C708F24EBC46B00A81CD2 /* PBXTargetDependency */ = {
			isa = PBXTargetDependency;
			target = 193C707824EBC46900A81CD2 /* tip */;
			targetProxy = 193C708E24EBC46B00A81CD2 /* PBXContainerItemProxy */;
		};
		193C709A24EBC46B00A81CD2 /* PBXTargetDependency */ = {
			isa = PBXTargetDependency;
			target = 193C707824EBC46900A81CD2 /* tip */;
			targetProxy = 193C709924EBC46B00A81CD2 /* PBXContainerItemProxy */;
		};
/* End PBXTargetDependency section */

/* Begin PBXVariantGroup section */
		193C708024EBC46900A81CD2 /* Main.storyboard */ = {
			isa = PBXVariantGroup;
			children = (
				193C708124EBC46900A81CD2 /* Base */,
			);
			name = Main.storyboard;
			sourceTree = "<group>";
		};
		193C708524EBC46B00A81CD2 /* LaunchScreen.storyboard */ = {
			isa = PBXVariantGroup;
			children = (
				193C708624EBC46B00A81CD2 /* Base */,
			);
			name = LaunchScreen.storyboard;
			sourceTree = "<group>";
		};
/* End PBXVariantGroup section */

/* Begin XCBuildConfiguration section */
		193C709F24EBC46B00A81CD2 /* Debug */ = {
			isa = XCBuildConfiguration;
			buildSettings = {
				ALWAYS_SEARCH_USER_PATHS = NO;
				CLANG_ANALYZER_NONNULL = YES;
				CLANG_ANALYZER_NUMBER_OBJECT_CONVERSION = YES_AGGRESSIVE;
				CLANG_CXX_LANGUAGE_STANDARD = "gnu++14";
				CLANG_CXX_LIBRARY = "libc++";
				CLANG_ENABLE_MODULES = YES;
				CLANG_ENABLE_OBJC_ARC = YES;
				CLANG_ENABLE_OBJC_WEAK = YES;
				CLANG_WARN_BLOCK_CAPTURE_AUTORELEASING = YES;
				CLANG_WARN_BOOL_CONVERSION = YES;
				CLANG_WARN_COMMA = YES;
				CLANG_WARN_CONSTANT_CONVERSION = YES;
				CLANG_WARN_DEPRECATED_OBJC_IMPLEMENTATIONS = YES;
				CLANG_WARN_DIRECT_OBJC_ISA_USAGE = YES_ERROR;
				CLANG_WARN_DOCUMENTATION_COMMENTS = YES;
				CLANG_WARN_EMPTY_BODY = YES;
				CLANG_WARN_ENUM_CONVERSION = YES;
				CLANG_WARN_INFINITE_RECURSION = YES;
				CLANG_WARN_INT_CONVERSION = YES;
				CLANG_WARN_NON_LITERAL_NULL_CONVERSION = YES;
				CLANG_WARN_OBJC_IMPLICIT_RETAIN_SELF = YES;
				CLANG_WARN_OBJC_LITERAL_CONVERSION = YES;
				CLANG_WARN_OBJC_ROOT_CLASS = YES_ERROR;
				CLANG_WARN_RANGE_LOOP_ANALYSIS = YES;
				CLANG_WARN_STRICT_PROTOTYPES = YES;
				CLANG_WARN_SUSPICIOUS_MOVE = YES;
				CLANG_WARN_UNGUARDED_AVAILABILITY = YES_AGGRESSIVE;
				CLANG_WARN_UNREACHABLE_CODE = YES;
				CLANG_WARN__DUPLICATE_METHOD_MATCH = YES;
				CODE_SIGN_IDENTITY = "iPhone Developer";
				COPY_PHASE_STRIP = NO;
				DEBUG_INFORMATION_FORMAT = dwarf;
				ENABLE_STRICT_OBJC_MSGSEND = YES;
				ENABLE_TESTABILITY = YES;
				GCC_C_LANGUAGE_STANDARD = gnu11;
				GCC_DYNAMIC_NO_PIC = NO;
				GCC_NO_COMMON_BLOCKS = YES;
				GCC_OPTIMIZATION_LEVEL = 0;
				GCC_PREPROCESSOR_DEFINITIONS = (
					"DEBUG=1",
					"$(inherited)",
				);
				GCC_WARN_64_TO_32_BIT_CONVERSION = YES;
				GCC_WARN_ABOUT_RETURN_TYPE = YES_ERROR;
				GCC_WARN_UNDECLARED_SELECTOR = YES;
				GCC_WARN_UNINITIALIZED_AUTOS = YES_AGGRESSIVE;
				GCC_WARN_UNUSED_FUNCTION = YES;
				GCC_WARN_UNUSED_VARIABLE = YES;
				IPHONEOS_DEPLOYMENT_TARGET = 12.1;
				MTL_ENABLE_DEBUG_INFO = INCLUDE_SOURCE;
				MTL_FAST_MATH = YES;
				ONLY_ACTIVE_ARCH = YES;
				SDKROOT = iphoneos;
				SWIFT_ACTIVE_COMPILATION_CONDITIONS = DEBUG;
				SWIFT_OPTIMIZATION_LEVEL = "-Onone";
			};
			name = Debug;
		};
		193C70A024EBC46B00A81CD2 /* Release */ = {
			isa = XCBuildConfiguration;
			buildSettings = {
				ALWAYS_SEARCH_USER_PATHS = NO;
				CLANG_ANALYZER_NONNULL = YES;
				CLANG_ANALYZER_NUMBER_OBJECT_CONVERSION = YES_AGGRESSIVE;
				CLANG_CXX_LANGUAGE_STANDARD = "gnu++14";
				CLANG_CXX_LIBRARY = "libc++";
				CLANG_ENABLE_MODULES = YES;
				CLANG_ENABLE_OBJC_ARC = YES;
				CLANG_ENABLE_OBJC_WEAK = YES;
				CLANG_WARN_BLOCK_CAPTURE_AUTORELEASING = YES;
				CLANG_WARN_BOOL_CONVERSION = YES;
				CLANG_WARN_COMMA = YES;
				CLANG_WARN_CONSTANT_CONVERSION = YES;
				CLANG_WARN_DEPRECATED_OBJC_IMPLEMENTATIONS = YES;
				CLANG_WARN_DIRECT_OBJC_ISA_USAGE = YES_ERROR;
				CLANG_WARN_DOCUMENTATION_COMMENTS = YES;
				CLANG_WARN_EMPTY_BODY = YES;
				CLANG_WARN_ENUM_CONVERSION = YES;
				CLANG_WARN_INFINITE_RECURSION = YES;
				CLANG_WARN_INT_CONVERSION = YES;
				CLANG_WARN_NON_LITERAL_NULL_CONVERSION = YES;
				CLANG_WARN_OBJC_IMPLICIT_RETAIN_SELF = YES;
				CLANG_WARN_OBJC_LITERAL_CONVERSION = YES;
				CLANG_WARN_OBJC_ROOT_CLASS = YES_ERROR;
				CLANG_WARN_RANGE_LOOP_ANALYSIS = YES;
				CLANG_WARN_STRICT_PROTOTYPES = YES;
				CLANG_WARN_SUSPICIOUS_MOVE = YES;
				CLANG_WARN_UNGUARDED_AVAILABILITY = YES_AGGRESSIVE;
				CLANG_WARN_UNREACHABLE_CODE = YES;
				CLANG_WARN__DUPLICATE_METHOD_MATCH = YES;
				CODE_SIGN_IDENTITY = "iPhone Developer";
				COPY_PHASE_STRIP = NO;
				DEBUG_INFORMATION_FORMAT = "dwarf-with-dsym";
				ENABLE_NS_ASSERTIONS = NO;
				ENABLE_STRICT_OBJC_MSGSEND = YES;
				GCC_C_LANGUAGE_STANDARD = gnu11;
				GCC_NO_COMMON_BLOCKS = YES;
				GCC_WARN_64_TO_32_BIT_CONVERSION = YES;
				GCC_WARN_ABOUT_RETURN_TYPE = YES_ERROR;
				GCC_WARN_UNDECLARED_SELECTOR = YES;
				GCC_WARN_UNINITIALIZED_AUTOS = YES_AGGRESSIVE;
				GCC_WARN_UNUSED_FUNCTION = YES;
				GCC_WARN_UNUSED_VARIABLE = YES;
				IPHONEOS_DEPLOYMENT_TARGET = 12.1;
				MTL_ENABLE_DEBUG_INFO = NO;
				MTL_FAST_MATH = YES;
				SDKROOT = iphoneos;
				SWIFT_COMPILATION_MODE = wholemodule;
				SWIFT_OPTIMIZATION_LEVEL = "-O";
				VALIDATE_PRODUCT = YES;
			};
			name = Release;
		};
		193C70A224EBC46B00A81CD2 /* Debug */ = {
			isa = XCBuildConfiguration;
			buildSettings = {
				ASSETCATALOG_COMPILER_APPICON_NAME = AppIcon;
				CODE_SIGN_STYLE = Automatic;
				INFOPLIST_FILE = tip/Info.plist;
				LD_RUNPATH_SEARCH_PATHS = (
					"$(inherited)",
					"@executable_path/Frameworks",
				);
				PRODUCT_BUNDLE_IDENTIFIER = Codepath.tip;
				PRODUCT_NAME = "$(TARGET_NAME)";
				SWIFT_VERSION = 4.2;
				TARGETED_DEVICE_FAMILY = "1,2";
			};
			name = Debug;
		};
		193C70A324EBC46B00A81CD2 /* Release */ = {
			isa = XCBuildConfiguration;
			buildSettings = {
				ASSETCATALOG_COMPILER_APPICON_NAME = AppIcon;
				CODE_SIGN_STYLE = Automatic;
				INFOPLIST_FILE = tip/Info.plist;
				LD_RUNPATH_SEARCH_PATHS = (
					"$(inherited)",
					"@executable_path/Frameworks",
				);
				PRODUCT_BUNDLE_IDENTIFIER = Codepath.tip;
				PRODUCT_NAME = "$(TARGET_NAME)";
				SWIFT_VERSION = 4.2;
				TARGETED_DEVICE_FAMILY = "1,2";
			};
			name = Release;
		};
		193C70A524EBC46B00A81CD2 /* Debug */ = {
			isa = XCBuildConfiguration;
			buildSettings = {
				ALWAYS_EMBED_SWIFT_STANDARD_LIBRARIES = YES;
				BUNDLE_LOADER = "$(TEST_HOST)";
				CODE_SIGN_STYLE = Automatic;
				INFOPLIST_FILE = tipTests/Info.plist;
				LD_RUNPATH_SEARCH_PATHS = (
					"$(inherited)",
					"@executable_path/Frameworks",
					"@loader_path/Frameworks",
				);
				PRODUCT_BUNDLE_IDENTIFIER = Codepath.tipTests;
				PRODUCT_NAME = "$(TARGET_NAME)";
				SWIFT_VERSION = 4.2;
				TARGETED_DEVICE_FAMILY = "1,2";
				TEST_HOST = "$(BUILT_PRODUCTS_DIR)/tip.app/tip";
			};
			name = Debug;
		};
		193C70A624EBC46B00A81CD2 /* Release */ = {
			isa = XCBuildConfiguration;
			buildSettings = {
				ALWAYS_EMBED_SWIFT_STANDARD_LIBRARIES = YES;
				BUNDLE_LOADER = "$(TEST_HOST)";
				CODE_SIGN_STYLE = Automatic;
				INFOPLIST_FILE = tipTests/Info.plist;
				LD_RUNPATH_SEARCH_PATHS = (
					"$(inherited)",
					"@executable_path/Frameworks",
					"@loader_path/Frameworks",
				);
				PRODUCT_BUNDLE_IDENTIFIER = Codepath.tipTests;
				PRODUCT_NAME = "$(TARGET_NAME)";
				SWIFT_VERSION = 4.2;
				TARGETED_DEVICE_FAMILY = "1,2";
				TEST_HOST = "$(BUILT_PRODUCTS_DIR)/tip.app/tip";
			};
			name = Release;
		};
		193C70A824EBC46B00A81CD2 /* Debug */ = {
			isa = XCBuildConfiguration;
			buildSettings = {
				ALWAYS_EMBED_SWIFT_STANDARD_LIBRARIES = YES;
				CODE_SIGN_STYLE = Automatic;
				INFOPLIST_FILE = tipUITests/Info.plist;
				LD_RUNPATH_SEARCH_PATHS = (
					"$(inherited)",
					"@executable_path/Frameworks",
					"@loader_path/Frameworks",
				);
				PRODUCT_BUNDLE_IDENTIFIER = Codepath.tipUITests;
				PRODUCT_NAME = "$(TARGET_NAME)";
				SWIFT_VERSION = 4.2;
				TARGETED_DEVICE_FAMILY = "1,2";
				TEST_TARGET_NAME = tip;
			};
			name = Debug;
		};
		193C70A924EBC46B00A81CD2 /* Release */ = {
			isa = XCBuildConfiguration;
			buildSettings = {
				ALWAYS_EMBED_SWIFT_STANDARD_LIBRARIES = YES;
				CODE_SIGN_STYLE = Automatic;
				INFOPLIST_FILE = tipUITests/Info.plist;
				LD_RUNPATH_SEARCH_PATHS = (
					"$(inherited)",
					"@executable_path/Frameworks",
					"@loader_path/Frameworks",
				);
				PRODUCT_BUNDLE_IDENTIFIER = Codepath.tipUITests;
				PRODUCT_NAME = "$(TARGET_NAME)";
				SWIFT_VERSION = 4.2;
				TARGETED_DEVICE_FAMILY = "1,2";
				TEST_TARGET_NAME = tip;
			};
			name = Release;
		};
/* End XCBuildConfiguration section */

/* Begin XCConfigurationList section */
		193C707424EBC46900A81CD2 /* Build configuration list for PBXProject "tip" */ = {
			isa = XCConfigurationList;
			buildConfigurations = (
				193C709F24EBC46B00A81CD2 /* Debug */,
				193C70A024EBC46B00A81CD2 /* Release */,
			);
			defaultConfigurationIsVisible = 0;
			defaultConfigurationName = Release;
		};
		193C70A124EBC46B00A81CD2 /* Build configuration list for PBXNativeTarget "tip" */ = {
			isa = XCConfigurationList;
			buildConfigurations = (
				193C70A224EBC46B00A81CD2 /* Debug */,
				193C70A324EBC46B00A81CD2 /* Release */,
			);
			defaultConfigurationIsVisible = 0;
			defaultConfigurationName = Release;
		};
		193C70A424EBC46B00A81CD2 /* Build configuration list for PBXNativeTarget "tipTests" */ = {
			isa = XCConfigurationList;
			buildConfigurations = (
				193C70A524EBC46B00A81CD2 /* Debug */,
				193C70A624EBC46B00A81CD2 /* Release */,
			);
			defaultConfigurationIsVisible = 0;
			defaultConfigurationName = Release;
		};
		193C70A724EBC46B00A81CD2 /* Build configuration list for PBXNativeTarget "tipUITests" */ = {
			isa = XCConfigurationList;
			buildConfigurations = (
				193C70A824EBC46B00A81CD2 /* Debug */,
				193C70A924EBC46B00A81CD2 /* Release */,
			);
			defaultConfigurationIsVisible = 0;
			defaultConfigurationName = Release;
		};
/* End XCConfigurationList section */
	};
	rootObject = 193C707124EBC46900A81CD2 /* Project object */;
}
